
Microsoft Visual Studio Solution File, Format Version 12.00
# Visual Studio 14
VisualStudioVersion = 14.0.24720.0
MinimumVisualStudioVersion = 10.0.40219.1
Project("{FAE04EC0-301F-11D3-BF4B-00C04F79EFBC}") = "WebServer.Core", "WebServer.Core\WebServer.Core.csproj", "{698E2C46-BB2B-4182-A970-49F6CB119469}"
EndProject
Project("{FAE04EC0-301F-11D3-BF4B-00C04F79EFBC}") = "WebServer.App", "WebServer.App\WebServer.App.csproj", "{1E15EC1B-132F-4773-AF4E-7B26B3CDCD19}"
EndProject
Project("{FAE04EC0-301F-11D3-BF4B-00C04F79EFBC}") = "WebServer.Shared", "WebServer.Shared\WebServer.Shared.csproj", "{2B3AD8EC-9435-41C2-A1D1-C8878B5DB500}"
EndProject
Project("{FAE04EC0-301F-11D3-BF4B-00C04F79EFBC}") = "WebServer.Service", "WebServer.Service\WebServer.Service.csproj", "{38E5B3A5-56C1-4804-979D-9F6593DB471D}"
EndProject
Global
	GlobalSection(SolutionConfigurationPlatforms) = preSolution
		Debug|Any CPU = Debug|Any CPU
		Debug|ARM = Debug|ARM
		Debug|x64 = Debug|x64
		Debug|x86 = Debug|x86
		Release|Any CPU = Release|Any CPU
		Release|ARM = Release|ARM
		Release|x64 = Release|x64
		Release|x86 = Release|x86
	EndGlobalSection
	GlobalSection(ProjectConfigurationPlatforms) = postSolution
		{698E2C46-BB2B-4182-A970-49F6CB119469}.Debug|Any CPU.ActiveCfg = Debug|ARM
		{698E2C46-BB2B-4182-A970-49F6CB119469}.Debug|Any CPU.Build.0 = Debug|ARM
		{698E2C46-BB2B-4182-A970-49F6CB119469}.Debug|Any CPU.Deploy.0 = Debug|ARM
		{698E2C46-BB2B-4182-A970-49F6CB119469}.Debug|ARM.ActiveCfg = Debug|ARM
		{698E2C46-BB2B-4182-A970-49F6CB119469}.Debug|ARM.Build.0 = Debug|ARM
		{698E2C46-BB2B-4182-A970-49F6CB119469}.Debug|ARM.Deploy.0 = Debug|ARM
		{698E2C46-BB2B-4182-A970-49F6CB119469}.Debug|x64.ActiveCfg = Debug|x64
		{698E2C46-BB2B-4182-A970-49F6CB119469}.Debug|x64.Build.0 = Debug|x64
		{698E2C46-BB2B-4182-A970-49F6CB119469}.Debug|x64.Deploy.0 = Debug|x64
		{698E2C46-BB2B-4182-A970-49F6CB119469}.Debug|x86.ActiveCfg = Debug|x86
		{698E2C46-BB2B-4182-A970-49F6CB119469}.Debug|x86.Build.0 = Debug|x86
		{698E2C46-BB2B-4182-A970-49F6CB119469}.Debug|x86.Deploy.0 = Debug|x86
		{698E2C46-BB2B-4182-A970-49F6CB119469}.Release|Any CPU.ActiveCfg = Release|x86
		{698E2C46-BB2B-4182-A970-49F6CB119469}.Release|ARM.ActiveCfg = Release|ARM
		{698E2C46-BB2B-4182-A970-49F6CB119469}.Release|ARM.Build.0 = Release|ARM
		{698E2C46-BB2B-4182-A970-49F6CB119469}.Release|ARM.Deploy.0 = Release|ARM
		{698E2C46-BB2B-4182-A970-49F6CB119469}.Release|x64.ActiveCfg = Release|x64
		{698E2C46-BB2B-4182-A970-49F6CB119469}.Release|x64.Build.0 = Release|x64
		{698E2C46-BB2B-4182-A970-49F6CB119469}.Release|x64.Deploy.0 = Release|x64
		{698E2C46-BB2B-4182-A970-49F6CB119469}.Release|x86.ActiveCfg = Release|x86
		{698E2C46-BB2B-4182-A970-49F6CB119469}.Release|x86.Build.0 = Release|x86
		{698E2C46-BB2B-4182-A970-49F6CB119469}.Release|x86.Deploy.0 = Release|x86
		{1E15EC1B-132F-4773-AF4E-7B26B3CDCD19}.Debug|Any CPU.ActiveCfg = Debug|ARM
		{1E15EC1B-132F-4773-AF4E-7B26B3CDCD19}.Debug|Any CPU.Build.0 = Debug|ARM
		{1E15EC1B-132F-4773-AF4E-7B26B3CDCD19}.Debug|Any CPU.Deploy.0 = Debug|ARM
		{1E15EC1B-132F-4773-AF4E-7B26B3CDCD19}.Debug|ARM.ActiveCfg = Debug|ARM
		{1E15EC1B-132F-4773-AF4E-7B26B3CDCD19}.Debug|ARM.Build.0 = Debug|ARM
		{1E15EC1B-132F-4773-AF4E-7B26B3CDCD19}.Debug|ARM.Deploy.0 = Debug|ARM
		{1E15EC1B-132F-4773-AF4E-7B26B3CDCD19}.Debug|x64.ActiveCfg = Debug|x64
		{1E15EC1B-132F-4773-AF4E-7B26B3CDCD19}.Debug|x64.Build.0 = Debug|x64
		{1E15EC1B-132F-4773-AF4E-7B26B3CDCD19}.Debug|x64.Deploy.0 = Debug|x64
		{1E15EC1B-132F-4773-AF4E-7B26B3CDCD19}.Debug|x86.ActiveCfg = Debug|x86
		{1E15EC1B-132F-4773-AF4E-7B26B3CDCD19}.Debug|x86.Build.0 = Debug|x86
		{1E15EC1B-132F-4773-AF4E-7B26B3CDCD19}.Debug|x86.Deploy.0 = Debug|x86
		{1E15EC1B-132F-4773-AF4E-7B26B3CDCD19}.Release|Any CPU.ActiveCfg = Release|x86
		{1E15EC1B-132F-4773-AF4E-7B26B3CDCD19}.Release|ARM.ActiveCfg = Release|ARM
		{1E15EC1B-132F-4773-AF4E-7B26B3CDCD19}.Release|ARM.Build.0 = Release|ARM
		{1E15EC1B-132F-4773-AF4E-7B26B3CDCD19}.Release|ARM.Deploy.0 = Release|ARM
		{1E15EC1B-132F-4773-AF4E-7B26B3CDCD19}.Release|x64.ActiveCfg = Release|x64
		{1E15EC1B-132F-4773-AF4E-7B26B3CDCD19}.Release|x64.Build.0 = Release|x64
		{1E15EC1B-132F-4773-AF4E-7B26B3CDCD19}.Release|x64.Deploy.0 = Release|x64
		{1E15EC1B-132F-4773-AF4E-7B26B3CDCD19}.Release|x86.ActiveCfg = Release|x86
		{1E15EC1B-132F-4773-AF4E-7B26B3CDCD19}.Release|x86.Build.0 = Release|x86
		{1E15EC1B-132F-4773-AF4E-7B26B3CDCD19}.Release|x86.Deploy.0 = Release|x86
		{2B3AD8EC-9435-41C2-A1D1-C8878B5DB500}.Debug|Any CPU.ActiveCfg = Debug|Any CPU
		{2B3AD8EC-9435-41C2-A1D1-C8878B5DB500}.Debug|Any CPU.Build.0 = Debug|Any CPU
		{2B3AD8EC-9435-41C2-A1D1-C8878B5DB500}.Debug|ARM.ActiveCfg = Debug|ARM
		{2B3AD8EC-9435-41C2-A1D1-C8878B5DB500}.Debug|ARM.Build.0 = Debug|ARM
		{2B3AD8EC-9435-41C2-A1D1-C8878B5DB500}.Debug|x64.ActiveCfg = Debug|x64
		{2B3AD8EC-9435-41C2-A1D1-C8878B5DB500}.Debug|x64.Build.0 = Debug|x64
		{2B3AD8EC-9435-41C2-A1D1-C8878B5DB500}.Debug|x86.ActiveCfg = Debug|x86
		{2B3AD8EC-9435-41C2-A1D1-C8878B5DB500}.Debug|x86.Build.0 = Debug|x86
		{2B3AD8EC-9435-41C2-A1D1-C8878B5DB500}.Release|Any CPU.ActiveCfg = Release|Any CPU
		{2B3AD8EC-9435-41C2-A1D1-C8878B5DB500}.Release|Any CPU.Build.0 = Release|Any CPU
		{2B3AD8EC-9435-41C2-A1D1-C8878B5DB500}.Release|ARM.ActiveCfg = Release|ARM
		{2B3AD8EC-9435-41C2-A1D1-C8878B5DB500}.Release|ARM.Build.0 = Release|ARM
		{2B3AD8EC-9435-41C2-A1D1-C8878B5DB500}.Release|x64.ActiveCfg = Release|x64
		{2B3AD8EC-9435-41C2-A1D1-C8878B5DB500}.Release|x64.Build.0 = Release|x64
		{2B3AD8EC-9435-41C2-A1D1-C8878B5DB500}.Release|x86.ActiveCfg = Release|x86
		{2B3AD8EC-9435-41C2-A1D1-C8878B5DB500}.Release|x86.Build.0 = Release|x86
		{38E5B3A5-56C1-4804-979D-9F6593DB471D}.Debug|Any CPU.ActiveCfg = Debug|ARM
		{38E5B3A5-56C1-4804-979D-9F6593DB471D}.Debug|Any CPU.Build.0 = Debug|ARM
		{38E5B3A5-56C1-4804-979D-9F6593DB471D}.Debug|Any CPU.Deploy.0 = Debug|ARM
		{38E5B3A5-56C1-4804-979D-9F6593DB471D}.Debug|ARM.ActiveCfg = Debug|ARM
		{38E5B3A5-56C1-4804-979D-9F6593DB471D}.Debug|ARM.Build.0 = Debug|ARM
		{38E5B3A5-56C1-4804-979D-9F6593DB471D}.Debug|ARM.Deploy.0 = Debug|ARM
		{38E5B3A5-56C1-4804-979D-9F6593DB471D}.Debug|x64.ActiveCfg = Debug|x64
		{38E5B3A5-56C1-4804-979D-9F6593DB471D}.Debug|x64.Build.0 = Debug|x64
		{38E5B3A5-56C1-4804-979D-9F6593DB471D}.Debug|x64.Deploy.0 = Debug|x64
		{38E5B3A5-56C1-4804-979D-9F6593DB471D}.Debug|x86.ActiveCfg = Debug|x86
		{38E5B3A5-56C1-4804-979D-9F6593DB471D}.Debug|x86.Build.0 = Debug|x86
		{38E5B3A5-56C1-4804-979D-9F6593DB471D}.Debug|x86.Deploy.0 = Debug|x86
		{38E5B3A5-56C1-4804-979D-9F6593DB471D}.Release|Any CPU.ActiveCfg = Release|x86
		{38E5B3A5-56C1-4804-979D-9F6593DB471D}.Release|ARM.ActiveCfg = Release|ARM
		{38E5B3A5-56C1-4804-979D-9F6593DB471D}.Release|ARM.Build.0 = Release|ARM
		{38E5B3A5-56C1-4804-979D-9F6593DB471D}.Release|ARM.Deploy.0 = Release|ARM
		{38E5B3A5-56C1-4804-979D-9F6593DB471D}.Release|x64.ActiveCfg = Release|x64
		{38E5B3A5-56C1-4804-979D-9F6593DB471D}.Release|x64.Build.0 = Release|x64
		{38E5B3A5-56C1-4804-979D-9F6593DB471D}.Release|x64.Deploy.0 = Release|x64
		{38E5B3A5-56C1-4804-979D-9F6593DB471D}.Release|x86.ActiveCfg = Release|x86
		{38E5B3A5-56C1-4804-979D-9F6593DB471D}.Release|x86.Build.0 = Release|x86
		{38E5B3A5-56C1-4804-979D-9F6593DB471D}.Release|x86.Deploy.0 = Release|x86
	EndGlobalSection
	GlobalSection(SolutionProperties) = preSolution
		HideSolutionNode = FALSE
	EndGlobalSection
EndGlobal
