
Microsoft Visual Studio Solution File, Format Version 12.00
# Visual Studio 14
VisualStudioVersion = 14.0.25123.0
MinimumVisualStudioVersion = 10.0.40219.1
Project("{FAE04EC0-301F-11D3-BF4B-00C04F79EFBC}") = "VideoCameraStreamer", "VideoCameraStreamer\VideoCameraStreamer.csproj", "{7410C398-289A-4CE9-ACD9-3B3168C1ADD7}"
EndProject
Project("{2150E333-8FDC-42A3-9474-1A3956D46DE8}") = ".submodules", ".submodules", "{0BDCF8E0-0894-4A50-B1B5-095409533C4E}"
EndProject
Project("{FAE04EC0-301F-11D3-BF4B-00C04F79EFBC}") = "Griffin.Core", "..\..\submodules\Griffin.Framework.NetCore\src\Griffin.Framework\Griffin.Core\Griffin.Core.csproj", "{7DD315C1-2C05-4811-BD87-C43D8082CFAC}"
EndProject
Project("{2150E333-8FDC-42A3-9474-1A3956D46DE8}") = ".libs", ".libs", "{32B39672-193F-4B07-B735-F6E50756A828}"
EndProject
Project("{FAE04EC0-301F-11D3-BF4B-00C04F79EFBC}") = "Microsoft.Iot.Web.FileSystem", "..\..\libs\Web\Microsoft.Iot.Web.FileSystem\Microsoft.Iot.Web.FileSystem.csproj", "{9C0E24E5-CDBB-4D37-AE01-0CB2EDE02F29}"
EndProject
Project("{FAE04EC0-301F-11D3-BF4B-00C04F79EFBC}") = "Microsoft.Iot.Web", "..\..\libs\Web\Microsoft.Iot.Web\Microsoft.Iot.Web.csproj", "{0249A320-16A8-4995-8B7E-0FB78756F3CC}"
EndProject
Project("{FAE04EC0-301F-11D3-BF4B-00C04F79EFBC}") = "Microsoft.Iot.Web.Streaming", "..\..\libs\Web\Microsoft.Iot.Web.Streaming\Microsoft.Iot.Web.Streaming.csproj", "{0BD28F46-1E5B-4329-842F-FFDD6BD86245}"
EndProject
Project("{FAE04EC0-301F-11D3-BF4B-00C04F79EFBC}") = "System.Net.Http.Formatting", "..\..\libs\System.Net.Http.Formatting\System.Net.Http.Formatting.csproj", "{0380B076-D673-47CA-B3D5-BFDD2D43FEDD}"
EndProject
Global
	GlobalSection(SolutionConfigurationPlatforms) = preSolution
		Debug|Any CPU = Debug|Any CPU
		Debug|ARM = Debug|ARM
		Debug|x64 = Debug|x64
		Debug|x86 = Debug|x86
		Release|Any CPU = Release|Any CPU
		Release|ARM = Release|ARM
		Release|x64 = Release|x64
		Release|x86 = Release|x86
	EndGlobalSection
	GlobalSection(ProjectConfigurationPlatforms) = postSolution
		{7410C398-289A-4CE9-ACD9-3B3168C1ADD7}.Debug|Any CPU.ActiveCfg = Debug|x86
		{7410C398-289A-4CE9-ACD9-3B3168C1ADD7}.Debug|Any CPU.Build.0 = Debug|x86
		{7410C398-289A-4CE9-ACD9-3B3168C1ADD7}.Debug|Any CPU.Deploy.0 = Debug|x86
		{7410C398-289A-4CE9-ACD9-3B3168C1ADD7}.Debug|ARM.ActiveCfg = Debug|ARM
		{7410C398-289A-4CE9-ACD9-3B3168C1ADD7}.Debug|ARM.Build.0 = Debug|ARM
		{7410C398-289A-4CE9-ACD9-3B3168C1ADD7}.Debug|ARM.Deploy.0 = Debug|ARM
		{7410C398-289A-4CE9-ACD9-3B3168C1ADD7}.Debug|x64.ActiveCfg = Debug|x64
		{7410C398-289A-4CE9-ACD9-3B3168C1ADD7}.Debug|x64.Build.0 = Debug|x64
		{7410C398-289A-4CE9-ACD9-3B3168C1ADD7}.Debug|x64.Deploy.0 = Debug|x64
		{7410C398-289A-4CE9-ACD9-3B3168C1ADD7}.Debug|x86.ActiveCfg = Debug|x86
		{7410C398-289A-4CE9-ACD9-3B3168C1ADD7}.Debug|x86.Build.0 = Debug|x86
		{7410C398-289A-4CE9-ACD9-3B3168C1ADD7}.Debug|x86.Deploy.0 = Debug|x86
		{7410C398-289A-4CE9-ACD9-3B3168C1ADD7}.Release|Any CPU.ActiveCfg = Release|x86
		{7410C398-289A-4CE9-ACD9-3B3168C1ADD7}.Release|ARM.ActiveCfg = Release|ARM
		{7410C398-289A-4CE9-ACD9-3B3168C1ADD7}.Release|ARM.Build.0 = Release|ARM
		{7410C398-289A-4CE9-ACD9-3B3168C1ADD7}.Release|ARM.Deploy.0 = Release|ARM
		{7410C398-289A-4CE9-ACD9-3B3168C1ADD7}.Release|x64.ActiveCfg = Release|x64
		{7410C398-289A-4CE9-ACD9-3B3168C1ADD7}.Release|x64.Build.0 = Release|x64
		{7410C398-289A-4CE9-ACD9-3B3168C1ADD7}.Release|x64.Deploy.0 = Release|x64
		{7410C398-289A-4CE9-ACD9-3B3168C1ADD7}.Release|x86.ActiveCfg = Release|x86
		{7410C398-289A-4CE9-ACD9-3B3168C1ADD7}.Release|x86.Build.0 = Release|x86
		{7410C398-289A-4CE9-ACD9-3B3168C1ADD7}.Release|x86.Deploy.0 = Release|x86
		{7DD315C1-2C05-4811-BD87-C43D8082CFAC}.Debug|Any CPU.ActiveCfg = Debug|Any CPU
		{7DD315C1-2C05-4811-BD87-C43D8082CFAC}.Debug|Any CPU.Build.0 = Debug|Any CPU
		{7DD315C1-2C05-4811-BD87-C43D8082CFAC}.Debug|ARM.ActiveCfg = Debug|ARM
		{7DD315C1-2C05-4811-BD87-C43D8082CFAC}.Debug|ARM.Build.0 = Debug|ARM
		{7DD315C1-2C05-4811-BD87-C43D8082CFAC}.Debug|x64.ActiveCfg = Debug|x64
		{7DD315C1-2C05-4811-BD87-C43D8082CFAC}.Debug|x64.Build.0 = Debug|x64
		{7DD315C1-2C05-4811-BD87-C43D8082CFAC}.Debug|x86.ActiveCfg = Debug|x86
		{7DD315C1-2C05-4811-BD87-C43D8082CFAC}.Debug|x86.Build.0 = Debug|x86
		{7DD315C1-2C05-4811-BD87-C43D8082CFAC}.Release|Any CPU.ActiveCfg = Release|Any CPU
		{7DD315C1-2C05-4811-BD87-C43D8082CFAC}.Release|Any CPU.Build.0 = Release|Any CPU
		{7DD315C1-2C05-4811-BD87-C43D8082CFAC}.Release|ARM.ActiveCfg = Release|ARM
		{7DD315C1-2C05-4811-BD87-C43D8082CFAC}.Release|ARM.Build.0 = Release|ARM
		{7DD315C1-2C05-4811-BD87-C43D8082CFAC}.Release|x64.ActiveCfg = Release|x64
		{7DD315C1-2C05-4811-BD87-C43D8082CFAC}.Release|x64.Build.0 = Release|x64
		{7DD315C1-2C05-4811-BD87-C43D8082CFAC}.Release|x86.ActiveCfg = Release|x86
		{7DD315C1-2C05-4811-BD87-C43D8082CFAC}.Release|x86.Build.0 = Release|x86
		{9C0E24E5-CDBB-4D37-AE01-0CB2EDE02F29}.Debug|Any CPU.ActiveCfg = Debug|Any CPU
		{9C0E24E5-CDBB-4D37-AE01-0CB2EDE02F29}.Debug|Any CPU.Build.0 = Debug|Any CPU
		{9C0E24E5-CDBB-4D37-AE01-0CB2EDE02F29}.Debug|ARM.ActiveCfg = Debug|ARM
		{9C0E24E5-CDBB-4D37-AE01-0CB2EDE02F29}.Debug|ARM.Build.0 = Debug|ARM
		{9C0E24E5-CDBB-4D37-AE01-0CB2EDE02F29}.Debug|x64.ActiveCfg = Debug|x64
		{9C0E24E5-CDBB-4D37-AE01-0CB2EDE02F29}.Debug|x64.Build.0 = Debug|x64
		{9C0E24E5-CDBB-4D37-AE01-0CB2EDE02F29}.Debug|x86.ActiveCfg = Debug|x86
		{9C0E24E5-CDBB-4D37-AE01-0CB2EDE02F29}.Debug|x86.Build.0 = Debug|x86
		{9C0E24E5-CDBB-4D37-AE01-0CB2EDE02F29}.Release|Any CPU.ActiveCfg = Release|Any CPU
		{9C0E24E5-CDBB-4D37-AE01-0CB2EDE02F29}.Release|Any CPU.Build.0 = Release|Any CPU
		{9C0E24E5-CDBB-4D37-AE01-0CB2EDE02F29}.Release|ARM.ActiveCfg = Release|ARM
		{9C0E24E5-CDBB-4D37-AE01-0CB2EDE02F29}.Release|ARM.Build.0 = Release|ARM
		{9C0E24E5-CDBB-4D37-AE01-0CB2EDE02F29}.Release|x64.ActiveCfg = Release|x64
		{9C0E24E5-CDBB-4D37-AE01-0CB2EDE02F29}.Release|x64.Build.0 = Release|x64
		{9C0E24E5-CDBB-4D37-AE01-0CB2EDE02F29}.Release|x86.ActiveCfg = Release|x86
		{9C0E24E5-CDBB-4D37-AE01-0CB2EDE02F29}.Release|x86.Build.0 = Release|x86
		{0249A320-16A8-4995-8B7E-0FB78756F3CC}.Debug|Any CPU.ActiveCfg = Debug|Any CPU
		{0249A320-16A8-4995-8B7E-0FB78756F3CC}.Debug|Any CPU.Build.0 = Debug|Any CPU
		{0249A320-16A8-4995-8B7E-0FB78756F3CC}.Debug|ARM.ActiveCfg = Debug|ARM
		{0249A320-16A8-4995-8B7E-0FB78756F3CC}.Debug|ARM.Build.0 = Debug|ARM
		{0249A320-16A8-4995-8B7E-0FB78756F3CC}.Debug|x64.ActiveCfg = Debug|x64
		{0249A320-16A8-4995-8B7E-0FB78756F3CC}.Debug|x64.Build.0 = Debug|x64
		{0249A320-16A8-4995-8B7E-0FB78756F3CC}.Debug|x86.ActiveCfg = Debug|x86
		{0249A320-16A8-4995-8B7E-0FB78756F3CC}.Debug|x86.Build.0 = Debug|x86
		{0249A320-16A8-4995-8B7E-0FB78756F3CC}.Release|Any CPU.ActiveCfg = Release|Any CPU
		{0249A320-16A8-4995-8B7E-0FB78756F3CC}.Release|Any CPU.Build.0 = Release|Any CPU
		{0249A320-16A8-4995-8B7E-0FB78756F3CC}.Release|ARM.ActiveCfg = Release|ARM
		{0249A320-16A8-4995-8B7E-0FB78756F3CC}.Release|ARM.Build.0 = Release|ARM
		{0249A320-16A8-4995-8B7E-0FB78756F3CC}.Release|x64.ActiveCfg = Release|x64
		{0249A320-16A8-4995-8B7E-0FB78756F3CC}.Release|x64.Build.0 = Release|x64
		{0249A320-16A8-4995-8B7E-0FB78756F3CC}.Release|x86.ActiveCfg = Release|x86
		{0249A320-16A8-4995-8B7E-0FB78756F3CC}.Release|x86.Build.0 = Release|x86
		{0BD28F46-1E5B-4329-842F-FFDD6BD86245}.Debug|Any CPU.ActiveCfg = Debug|Any CPU
		{0BD28F46-1E5B-4329-842F-FFDD6BD86245}.Debug|Any CPU.Build.0 = Debug|Any CPU
		{0BD28F46-1E5B-4329-842F-FFDD6BD86245}.Debug|ARM.ActiveCfg = Debug|ARM
		{0BD28F46-1E5B-4329-842F-FFDD6BD86245}.Debug|ARM.Build.0 = Debug|ARM
		{0BD28F46-1E5B-4329-842F-FFDD6BD86245}.Debug|x64.ActiveCfg = Debug|x64
		{0BD28F46-1E5B-4329-842F-FFDD6BD86245}.Debug|x64.Build.0 = Debug|x64
		{0BD28F46-1E5B-4329-842F-FFDD6BD86245}.Debug|x86.ActiveCfg = Debug|x86
		{0BD28F46-1E5B-4329-842F-FFDD6BD86245}.Debug|x86.Build.0 = Debug|x86
		{0BD28F46-1E5B-4329-842F-FFDD6BD86245}.Release|Any CPU.ActiveCfg = Release|Any CPU
		{0BD28F46-1E5B-4329-842F-FFDD6BD86245}.Release|Any CPU.Build.0 = Release|Any CPU
		{0BD28F46-1E5B-4329-842F-FFDD6BD86245}.Release|ARM.ActiveCfg = Release|ARM
		{0BD28F46-1E5B-4329-842F-FFDD6BD86245}.Release|ARM.Build.0 = Release|ARM
		{0BD28F46-1E5B-4329-842F-FFDD6BD86245}.Release|x64.ActiveCfg = Release|x64
		{0BD28F46-1E5B-4329-842F-FFDD6BD86245}.Release|x64.Build.0 = Release|x64
		{0BD28F46-1E5B-4329-842F-FFDD6BD86245}.Release|x86.ActiveCfg = Release|x86
		{0BD28F46-1E5B-4329-842F-FFDD6BD86245}.Release|x86.Build.0 = Release|x86
		{0380B076-D673-47CA-B3D5-BFDD2D43FEDD}.Debug|Any CPU.ActiveCfg = Debug|Any CPU
		{0380B076-D673-47CA-B3D5-BFDD2D43FEDD}.Debug|Any CPU.Build.0 = Debug|Any CPU
		{0380B076-D673-47CA-B3D5-BFDD2D43FEDD}.Debug|ARM.ActiveCfg = Debug|ARM
		{0380B076-D673-47CA-B3D5-BFDD2D43FEDD}.Debug|ARM.Build.0 = Debug|ARM
		{0380B076-D673-47CA-B3D5-BFDD2D43FEDD}.Debug|x64.ActiveCfg = Debug|x64
		{0380B076-D673-47CA-B3D5-BFDD2D43FEDD}.Debug|x64.Build.0 = Debug|x64
		{0380B076-D673-47CA-B3D5-BFDD2D43FEDD}.Debug|x86.ActiveCfg = Debug|x86
		{0380B076-D673-47CA-B3D5-BFDD2D43FEDD}.Debug|x86.Build.0 = Debug|x86
		{0380B076-D673-47CA-B3D5-BFDD2D43FEDD}.Release|Any CPU.ActiveCfg = Release|Any CPU
		{0380B076-D673-47CA-B3D5-BFDD2D43FEDD}.Release|Any CPU.Build.0 = Release|Any CPU
		{0380B076-D673-47CA-B3D5-BFDD2D43FEDD}.Release|ARM.ActiveCfg = Release|ARM
		{0380B076-D673-47CA-B3D5-BFDD2D43FEDD}.Release|ARM.Build.0 = Release|ARM
		{0380B076-D673-47CA-B3D5-BFDD2D43FEDD}.Release|x64.ActiveCfg = Release|x64
		{0380B076-D673-47CA-B3D5-BFDD2D43FEDD}.Release|x64.Build.0 = Release|x64
		{0380B076-D673-47CA-B3D5-BFDD2D43FEDD}.Release|x86.ActiveCfg = Release|x86
		{0380B076-D673-47CA-B3D5-BFDD2D43FEDD}.Release|x86.Build.0 = Release|x86
	EndGlobalSection
	GlobalSection(SolutionProperties) = preSolution
		HideSolutionNode = FALSE
	EndGlobalSection
	GlobalSection(NestedProjects) = preSolution
		{7DD315C1-2C05-4811-BD87-C43D8082CFAC} = {0BDCF8E0-0894-4A50-B1B5-095409533C4E}
		{9C0E24E5-CDBB-4D37-AE01-0CB2EDE02F29} = {32B39672-193F-4B07-B735-F6E50756A828}
		{0249A320-16A8-4995-8B7E-0FB78756F3CC} = {32B39672-193F-4B07-B735-F6E50756A828}
		{0BD28F46-1E5B-4329-842F-FFDD6BD86245} = {32B39672-193F-4B07-B735-F6E50756A828}
		{0380B076-D673-47CA-B3D5-BFDD2D43FEDD} = {32B39672-193F-4B07-B735-F6E50756A828}
	EndGlobalSection
EndGlobal
