
Microsoft Visual Studio Solution File, Format Version 12.00
# Visual Studio 15
VisualStudioVersion = 15.0.26430.6
MinimumVisualStudioVersion = 10.0.40219.1
Project("{8BC9CEB8-8B4A-11D0-8D11-00A0C91BC942}") = "GdbDemo", "GdbDemo\GdbDemo.vcxproj", "{77685BDE-2855-4B43-8FA0-D7C4BC1DA91C}"
EndProject
Project("{8BC9CEB8-8B4A-11D0-8D11-00A0C91BC942}") = "SosDemo", "SosDemo\SosDemo.vcxproj", "{30FCA852-C1E9-4062-96C1-3178952E0ED0}"
EndProject
Project("{2150E333-8FDC-42A3-9474-1A3956D46DE8}") = "full", "full", "{48493D2A-BD7C-4793-83A5-B38B8D287D33}"
EndProject
Global
	GlobalSection(SolutionConfigurationPlatforms) = preSolution
		Debug|ARM = Debug|ARM
		Debug|x64 = Debug|x64
		Debug|x86 = Debug|x86
		Release|ARM = Release|ARM
		Release|x64 = Release|x64
		Release|x86 = Release|x86
	EndGlobalSection
	GlobalSection(ProjectConfigurationPlatforms) = postSolution
		{77685BDE-2855-4B43-8FA0-D7C4BC1DA91C}.Debug|ARM.ActiveCfg = Debug|ARM
		{77685BDE-2855-4B43-8FA0-D7C4BC1DA91C}.Debug|ARM.Build.0 = Debug|ARM
		{77685BDE-2855-4B43-8FA0-D7C4BC1DA91C}.Debug|x64.ActiveCfg = Debug|x64
		{77685BDE-2855-4B43-8FA0-D7C4BC1DA91C}.Debug|x64.Build.0 = Debug|x64
		{77685BDE-2855-4B43-8FA0-D7C4BC1DA91C}.Debug|x86.ActiveCfg = Debug|x86
		{77685BDE-2855-4B43-8FA0-D7C4BC1DA91C}.Debug|x86.Build.0 = Debug|x86
		{77685BDE-2855-4B43-8FA0-D7C4BC1DA91C}.Release|ARM.ActiveCfg = Release|ARM
		{77685BDE-2855-4B43-8FA0-D7C4BC1DA91C}.Release|ARM.Build.0 = Release|ARM
		{77685BDE-2855-4B43-8FA0-D7C4BC1DA91C}.Release|x64.ActiveCfg = Release|x64
		{77685BDE-2855-4B43-8FA0-D7C4BC1DA91C}.Release|x64.Build.0 = Release|x64
		{77685BDE-2855-4B43-8FA0-D7C4BC1DA91C}.Release|x86.ActiveCfg = Release|x86
		{77685BDE-2855-4B43-8FA0-D7C4BC1DA91C}.Release|x86.Build.0 = Release|x86
		{30FCA852-C1E9-4062-96C1-3178952E0ED0}.Debug|ARM.ActiveCfg = Debug|ARM
		{30FCA852-C1E9-4062-96C1-3178952E0ED0}.Debug|ARM.Build.0 = Debug|ARM
		{30FCA852-C1E9-4062-96C1-3178952E0ED0}.Debug|x64.ActiveCfg = Debug|x64
		{30FCA852-C1E9-4062-96C1-3178952E0ED0}.Debug|x64.Build.0 = Debug|x64
		{30FCA852-C1E9-4062-96C1-3178952E0ED0}.Debug|x86.ActiveCfg = Debug|x86
		{30FCA852-C1E9-4062-96C1-3178952E0ED0}.Debug|x86.Build.0 = Debug|x86
		{30FCA852-C1E9-4062-96C1-3178952E0ED0}.Release|ARM.ActiveCfg = Release|ARM
		{30FCA852-C1E9-4062-96C1-3178952E0ED0}.Release|ARM.Build.0 = Release|ARM
		{30FCA852-C1E9-4062-96C1-3178952E0ED0}.Release|x64.ActiveCfg = Release|x64
		{30FCA852-C1E9-4062-96C1-3178952E0ED0}.Release|x64.Build.0 = Release|x64
		{30FCA852-C1E9-4062-96C1-3178952E0ED0}.Release|x86.ActiveCfg = Release|x86
		{30FCA852-C1E9-4062-96C1-3178952E0ED0}.Release|x86.Build.0 = Release|x86
	EndGlobalSection
	GlobalSection(SolutionProperties) = preSolution
		HideSolutionNode = FALSE
	EndGlobalSection
	GlobalSection(NestedProjects) = preSolution
		{30FCA852-C1E9-4062-96C1-3178952E0ED0} = {48493D2A-BD7C-4793-83A5-B38B8D287D33}
	EndGlobalSection
EndGlobal
