
Microsoft Visual Studio Solution File, Format Version 12.00
# Visual Studio 14
VisualStudioVersion = 14.0.24720.0
MinimumVisualStudioVersion = 10.0.40219.1
Project("{FAE04EC0-301F-11D3-BF4B-00C04F79EFBC}") = "WebColorApplication", "WebColorApplication\WebColorApplication.csproj", "{EA0C9F2F-9F73-4DF8-B5FC-8E00B875DAA8}"
EndProject
Project("{2150E333-8FDC-42A3-9474-1A3956D46DE8}") = ".libs", ".libs", "{14D26A06-2F19-4A1F-B5AB-72B624333738}"
EndProject
Project("{FAE04EC0-301F-11D3-BF4B-00C04F79EFBC}") = "Griffin.Networking", "..\Core\Griffin.Networking\Griffin.Networking.csproj", "{ADBB0496-E4BC-4EEF-9CA7-A1507581F7BA}"
EndProject
Project("{FAE04EC0-301F-11D3-BF4B-00C04F79EFBC}") = "Griffin.Networking.Protocol.Http", "..\Core\Protocols\Http\Griffin.Networking.Protocol.Http\Griffin.Networking.Protocol.Http.csproj", "{4271A51F-07B3-464E-8784-D44E95AF0065}"
EndProject
Project("{FAE04EC0-301F-11D3-BF4B-00C04F79EFBC}") = "Microsoft.Iot.Web.Api", "..\Core\Web\Microsoft.Iot.Web.Api\Microsoft.Iot.Web.Api.csproj", "{23485136-5108-4FB0-A815-645CC9C6EAAA}"
EndProject
Project("{FAE04EC0-301F-11D3-BF4B-00C04F79EFBC}") = "Microsoft.Iot.Web", "..\Core\Web\Microsoft.Iot.Web\Microsoft.Iot.Web.csproj", "{0249A320-16A8-4995-8B7E-0FB78756F3CC}"
EndProject
Project("{2150E333-8FDC-42A3-9474-1A3956D46DE8}") = "core", "core", "{C39192D9-3EAA-4DD8-81CF-94CD527857E1}"
EndProject
Project("{FAE04EC0-301F-11D3-BF4B-00C04F79EFBC}") = "Microsoft.Iot.Web.FileSystem", "..\Core\Web\Microsoft.Iot.Web.FileSystem\Microsoft.Iot.Web.FileSystem.csproj", "{9C0E24E5-CDBB-4D37-AE01-0CB2EDE02F29}"
EndProject
Global
	GlobalSection(SolutionConfigurationPlatforms) = preSolution
		Debug|Any CPU = Debug|Any CPU
		Debug|ARM = Debug|ARM
		Debug|x64 = Debug|x64
		Debug|x86 = Debug|x86
		Release|Any CPU = Release|Any CPU
		Release|ARM = Release|ARM
		Release|x64 = Release|x64
		Release|x86 = Release|x86
	EndGlobalSection
	GlobalSection(ProjectConfigurationPlatforms) = postSolution
		{EA0C9F2F-9F73-4DF8-B5FC-8E00B875DAA8}.Debug|Any CPU.ActiveCfg = Debug|x86
		{EA0C9F2F-9F73-4DF8-B5FC-8E00B875DAA8}.Debug|Any CPU.Build.0 = Debug|x86
		{EA0C9F2F-9F73-4DF8-B5FC-8E00B875DAA8}.Debug|Any CPU.Deploy.0 = Debug|x86
		{EA0C9F2F-9F73-4DF8-B5FC-8E00B875DAA8}.Debug|ARM.ActiveCfg = Debug|ARM
		{EA0C9F2F-9F73-4DF8-B5FC-8E00B875DAA8}.Debug|ARM.Build.0 = Debug|ARM
		{EA0C9F2F-9F73-4DF8-B5FC-8E00B875DAA8}.Debug|ARM.Deploy.0 = Debug|ARM
		{EA0C9F2F-9F73-4DF8-B5FC-8E00B875DAA8}.Debug|x64.ActiveCfg = Debug|x64
		{EA0C9F2F-9F73-4DF8-B5FC-8E00B875DAA8}.Debug|x64.Build.0 = Debug|x64
		{EA0C9F2F-9F73-4DF8-B5FC-8E00B875DAA8}.Debug|x64.Deploy.0 = Debug|x64
		{EA0C9F2F-9F73-4DF8-B5FC-8E00B875DAA8}.Debug|x86.ActiveCfg = Debug|x86
		{EA0C9F2F-9F73-4DF8-B5FC-8E00B875DAA8}.Debug|x86.Build.0 = Debug|x86
		{EA0C9F2F-9F73-4DF8-B5FC-8E00B875DAA8}.Debug|x86.Deploy.0 = Debug|x86
		{EA0C9F2F-9F73-4DF8-B5FC-8E00B875DAA8}.Release|Any CPU.ActiveCfg = Release|x86
		{EA0C9F2F-9F73-4DF8-B5FC-8E00B875DAA8}.Release|ARM.ActiveCfg = Release|ARM
		{EA0C9F2F-9F73-4DF8-B5FC-8E00B875DAA8}.Release|ARM.Build.0 = Release|ARM
		{EA0C9F2F-9F73-4DF8-B5FC-8E00B875DAA8}.Release|ARM.Deploy.0 = Release|ARM
		{EA0C9F2F-9F73-4DF8-B5FC-8E00B875DAA8}.Release|x64.ActiveCfg = Release|x64
		{EA0C9F2F-9F73-4DF8-B5FC-8E00B875DAA8}.Release|x64.Build.0 = Release|x64
		{EA0C9F2F-9F73-4DF8-B5FC-8E00B875DAA8}.Release|x64.Deploy.0 = Release|x64
		{EA0C9F2F-9F73-4DF8-B5FC-8E00B875DAA8}.Release|x86.ActiveCfg = Release|x86
		{EA0C9F2F-9F73-4DF8-B5FC-8E00B875DAA8}.Release|x86.Build.0 = Release|x86
		{EA0C9F2F-9F73-4DF8-B5FC-8E00B875DAA8}.Release|x86.Deploy.0 = Release|x86
		{ADBB0496-E4BC-4EEF-9CA7-A1507581F7BA}.Debug|Any CPU.ActiveCfg = Debug|Any CPU
		{ADBB0496-E4BC-4EEF-9CA7-A1507581F7BA}.Debug|Any CPU.Build.0 = Debug|Any CPU
		{ADBB0496-E4BC-4EEF-9CA7-A1507581F7BA}.Debug|ARM.ActiveCfg = Debug|ARM
		{ADBB0496-E4BC-4EEF-9CA7-A1507581F7BA}.Debug|ARM.Build.0 = Debug|ARM
		{ADBB0496-E4BC-4EEF-9CA7-A1507581F7BA}.Debug|x64.ActiveCfg = Debug|x64
		{ADBB0496-E4BC-4EEF-9CA7-A1507581F7BA}.Debug|x64.Build.0 = Debug|x64
		{ADBB0496-E4BC-4EEF-9CA7-A1507581F7BA}.Debug|x86.ActiveCfg = Debug|x86
		{ADBB0496-E4BC-4EEF-9CA7-A1507581F7BA}.Debug|x86.Build.0 = Debug|x86
		{ADBB0496-E4BC-4EEF-9CA7-A1507581F7BA}.Release|Any CPU.ActiveCfg = Release|Any CPU
		{ADBB0496-E4BC-4EEF-9CA7-A1507581F7BA}.Release|Any CPU.Build.0 = Release|Any CPU
		{ADBB0496-E4BC-4EEF-9CA7-A1507581F7BA}.Release|ARM.ActiveCfg = Release|ARM
		{ADBB0496-E4BC-4EEF-9CA7-A1507581F7BA}.Release|ARM.Build.0 = Release|ARM
		{ADBB0496-E4BC-4EEF-9CA7-A1507581F7BA}.Release|x64.ActiveCfg = Release|x64
		{ADBB0496-E4BC-4EEF-9CA7-A1507581F7BA}.Release|x64.Build.0 = Release|x64
		{ADBB0496-E4BC-4EEF-9CA7-A1507581F7BA}.Release|x86.ActiveCfg = Release|x86
		{ADBB0496-E4BC-4EEF-9CA7-A1507581F7BA}.Release|x86.Build.0 = Release|x86
		{4271A51F-07B3-464E-8784-D44E95AF0065}.Debug|Any CPU.ActiveCfg = Debug|Any CPU
		{4271A51F-07B3-464E-8784-D44E95AF0065}.Debug|Any CPU.Build.0 = Debug|Any CPU
		{4271A51F-07B3-464E-8784-D44E95AF0065}.Debug|ARM.ActiveCfg = Debug|ARM
		{4271A51F-07B3-464E-8784-D44E95AF0065}.Debug|ARM.Build.0 = Debug|ARM
		{4271A51F-07B3-464E-8784-D44E95AF0065}.Debug|x64.ActiveCfg = Debug|x64
		{4271A51F-07B3-464E-8784-D44E95AF0065}.Debug|x64.Build.0 = Debug|x64
		{4271A51F-07B3-464E-8784-D44E95AF0065}.Debug|x86.ActiveCfg = Debug|x86
		{4271A51F-07B3-464E-8784-D44E95AF0065}.Debug|x86.Build.0 = Debug|x86
		{4271A51F-07B3-464E-8784-D44E95AF0065}.Release|Any CPU.ActiveCfg = Release|Any CPU
		{4271A51F-07B3-464E-8784-D44E95AF0065}.Release|Any CPU.Build.0 = Release|Any CPU
		{4271A51F-07B3-464E-8784-D44E95AF0065}.Release|ARM.ActiveCfg = Release|ARM
		{4271A51F-07B3-464E-8784-D44E95AF0065}.Release|ARM.Build.0 = Release|ARM
		{4271A51F-07B3-464E-8784-D44E95AF0065}.Release|x64.ActiveCfg = Release|x64
		{4271A51F-07B3-464E-8784-D44E95AF0065}.Release|x64.Build.0 = Release|x64
		{4271A51F-07B3-464E-8784-D44E95AF0065}.Release|x86.ActiveCfg = Release|x86
		{4271A51F-07B3-464E-8784-D44E95AF0065}.Release|x86.Build.0 = Release|x86
		{23485136-5108-4FB0-A815-645CC9C6EAAA}.Debug|Any CPU.ActiveCfg = Debug|Any CPU
		{23485136-5108-4FB0-A815-645CC9C6EAAA}.Debug|Any CPU.Build.0 = Debug|Any CPU
		{23485136-5108-4FB0-A815-645CC9C6EAAA}.Debug|ARM.ActiveCfg = Debug|ARM
		{23485136-5108-4FB0-A815-645CC9C6EAAA}.Debug|ARM.Build.0 = Debug|ARM
		{23485136-5108-4FB0-A815-645CC9C6EAAA}.Debug|x64.ActiveCfg = Debug|x64
		{23485136-5108-4FB0-A815-645CC9C6EAAA}.Debug|x64.Build.0 = Debug|x64
		{23485136-5108-4FB0-A815-645CC9C6EAAA}.Debug|x86.ActiveCfg = Debug|x86
		{23485136-5108-4FB0-A815-645CC9C6EAAA}.Debug|x86.Build.0 = Debug|x86
		{23485136-5108-4FB0-A815-645CC9C6EAAA}.Release|Any CPU.ActiveCfg = Release|Any CPU
		{23485136-5108-4FB0-A815-645CC9C6EAAA}.Release|Any CPU.Build.0 = Release|Any CPU
		{23485136-5108-4FB0-A815-645CC9C6EAAA}.Release|ARM.ActiveCfg = Release|ARM
		{23485136-5108-4FB0-A815-645CC9C6EAAA}.Release|ARM.Build.0 = Release|ARM
		{23485136-5108-4FB0-A815-645CC9C6EAAA}.Release|x64.ActiveCfg = Release|x64
		{23485136-5108-4FB0-A815-645CC9C6EAAA}.Release|x64.Build.0 = Release|x64
		{23485136-5108-4FB0-A815-645CC9C6EAAA}.Release|x86.ActiveCfg = Release|x86
		{23485136-5108-4FB0-A815-645CC9C6EAAA}.Release|x86.Build.0 = Release|x86
		{0249A320-16A8-4995-8B7E-0FB78756F3CC}.Debug|Any CPU.ActiveCfg = Debug|Any CPU
		{0249A320-16A8-4995-8B7E-0FB78756F3CC}.Debug|Any CPU.Build.0 = Debug|Any CPU
		{0249A320-16A8-4995-8B7E-0FB78756F3CC}.Debug|ARM.ActiveCfg = Debug|ARM
		{0249A320-16A8-4995-8B7E-0FB78756F3CC}.Debug|ARM.Build.0 = Debug|ARM
		{0249A320-16A8-4995-8B7E-0FB78756F3CC}.Debug|x64.ActiveCfg = Debug|x64
		{0249A320-16A8-4995-8B7E-0FB78756F3CC}.Debug|x64.Build.0 = Debug|x64
		{0249A320-16A8-4995-8B7E-0FB78756F3CC}.Debug|x86.ActiveCfg = Debug|x86
		{0249A320-16A8-4995-8B7E-0FB78756F3CC}.Debug|x86.Build.0 = Debug|x86
		{0249A320-16A8-4995-8B7E-0FB78756F3CC}.Release|Any CPU.ActiveCfg = Release|Any CPU
		{0249A320-16A8-4995-8B7E-0FB78756F3CC}.Release|Any CPU.Build.0 = Release|Any CPU
		{0249A320-16A8-4995-8B7E-0FB78756F3CC}.Release|ARM.ActiveCfg = Release|ARM
		{0249A320-16A8-4995-8B7E-0FB78756F3CC}.Release|ARM.Build.0 = Release|ARM
		{0249A320-16A8-4995-8B7E-0FB78756F3CC}.Release|x64.ActiveCfg = Release|x64
		{0249A320-16A8-4995-8B7E-0FB78756F3CC}.Release|x64.Build.0 = Release|x64
		{0249A320-16A8-4995-8B7E-0FB78756F3CC}.Release|x86.ActiveCfg = Release|x86
		{0249A320-16A8-4995-8B7E-0FB78756F3CC}.Release|x86.Build.0 = Release|x86
		{9C0E24E5-CDBB-4D37-AE01-0CB2EDE02F29}.Debug|Any CPU.ActiveCfg = Debug|Any CPU
		{9C0E24E5-CDBB-4D37-AE01-0CB2EDE02F29}.Debug|Any CPU.Build.0 = Debug|Any CPU
		{9C0E24E5-CDBB-4D37-AE01-0CB2EDE02F29}.Debug|ARM.ActiveCfg = Debug|ARM
		{9C0E24E5-CDBB-4D37-AE01-0CB2EDE02F29}.Debug|ARM.Build.0 = Debug|ARM
		{9C0E24E5-CDBB-4D37-AE01-0CB2EDE02F29}.Debug|x64.ActiveCfg = Debug|x64
		{9C0E24E5-CDBB-4D37-AE01-0CB2EDE02F29}.Debug|x64.Build.0 = Debug|x64
		{9C0E24E5-CDBB-4D37-AE01-0CB2EDE02F29}.Debug|x86.ActiveCfg = Debug|x86
		{9C0E24E5-CDBB-4D37-AE01-0CB2EDE02F29}.Debug|x86.Build.0 = Debug|x86
		{9C0E24E5-CDBB-4D37-AE01-0CB2EDE02F29}.Release|Any CPU.ActiveCfg = Release|Any CPU
		{9C0E24E5-CDBB-4D37-AE01-0CB2EDE02F29}.Release|Any CPU.Build.0 = Release|Any CPU
		{9C0E24E5-CDBB-4D37-AE01-0CB2EDE02F29}.Release|ARM.ActiveCfg = Release|ARM
		{9C0E24E5-CDBB-4D37-AE01-0CB2EDE02F29}.Release|ARM.Build.0 = Release|ARM
		{9C0E24E5-CDBB-4D37-AE01-0CB2EDE02F29}.Release|x64.ActiveCfg = Release|x64
		{9C0E24E5-CDBB-4D37-AE01-0CB2EDE02F29}.Release|x64.Build.0 = Release|x64
		{9C0E24E5-CDBB-4D37-AE01-0CB2EDE02F29}.Release|x86.ActiveCfg = Release|x86
		{9C0E24E5-CDBB-4D37-AE01-0CB2EDE02F29}.Release|x86.Build.0 = Release|x86
	EndGlobalSection
	GlobalSection(SolutionProperties) = preSolution
		HideSolutionNode = FALSE
	EndGlobalSection
	GlobalSection(NestedProjects) = preSolution
		{ADBB0496-E4BC-4EEF-9CA7-A1507581F7BA} = {C39192D9-3EAA-4DD8-81CF-94CD527857E1}
		{4271A51F-07B3-464E-8784-D44E95AF0065} = {C39192D9-3EAA-4DD8-81CF-94CD527857E1}
		{23485136-5108-4FB0-A815-645CC9C6EAAA} = {14D26A06-2F19-4A1F-B5AB-72B624333738}
		{0249A320-16A8-4995-8B7E-0FB78756F3CC} = {14D26A06-2F19-4A1F-B5AB-72B624333738}
		{C39192D9-3EAA-4DD8-81CF-94CD527857E1} = {14D26A06-2F19-4A1F-B5AB-72B624333738}
		{9C0E24E5-CDBB-4D37-AE01-0CB2EDE02F29} = {14D26A06-2F19-4A1F-B5AB-72B624333738}
	EndGlobalSection
EndGlobal
